<?xml version="1.0" encoding="utf-8"?>
<Project ToolsVersion="4.0" xmlns="http://schemas.microsoft.com/developer/msbuild/2003">
  <ItemGroup>
    <ClInclude Include="src\Util.h" />
    <ClInclude Include="src\rpg\Character.h" />
    <ClInclude Include="src\menu\BattleMenu.h" />
    <ClInclude Include="src\menu\BattleOrder.h" />
    <ClInclude Include="src\menu\Button.h" />
    <ClInclude Include="src\menu\ButtonMenu.h" />
    <ClInclude Include="src\menu\HBox.h" />
    <ClInclude Include="src\menu\MenuElement.h" />
    <ClInclude Include="src\menu\Portrait.h" />
    <ClInclude Include="src\menu\Slider.h" />
    <ClInclude Include="src\menu\TextBox.h" />
    <ClInclude Include="src\menu\VBox.h" />
    <ClInclude Include="src\game\Camera.h" />
    <ClInclude Include="src\game\Entity.h" />
    <ClInclude Include="src\game\EScene.h" />
    <ClInclude Include="src\game\Factory.h" />
    <ClInclude Include="src\game\FpsCounter.h" />
    <ClInclude Include="src\game\Game.h" />
    <ClInclude Include="src\game\InputHandler.h" />
    <ClInclude Include="src\game\Scene.h" />
    <ClInclude Include="src\game\WindowStyle.h" />
    <ClInclude Include="src\collision\Collidable.h" />
    <ClInclude Include="src\collision\CollisionBox.h" />
    <ClInclude Include="src\collision\CollisionManager.h" />
    <ClInclude Include="src\collision\CollisionShape.h" />
    <ClInclude Include="src\collision\CollisionType.h" />
    <ClInclude Include="src\collision\Line2D.h" />
    <ClInclude Include="src\collision\Line2f.h" />
    <ClInclude Include="src\collision\SAT.h" />
    <ClInclude Include="src\animation\AnimatedSprite.h" />
    <ClInclude Include="src\animation\Animation.h" />
    <ClInclude Include="src\animation\EAnimation.h" />
    <ClInclude Include="src\animation\FadeAnimation.h" />
    <ClInclude Include="src\animation\TranslateAnimation.h" />
    <ClInclude Include="src\game\Tilemap.h" />
    <ClInclude Include="src\menu\ExpandMenu.h" />
    <ClInclude Include="src\header\AnimatedSprite.h" />
    <ClInclude Include="src\header\Animation.h" />
    <ClInclude Include="src\header\BattleMenu.h" />
    <ClInclude Include="src\header\BattleOrder.h" />
    <ClInclude Include="src\header\Button.h" />
    <ClInclude Include="src\header\ButtonMenu.h" />
    <ClInclude Include="src\header\Camera.h" />
    <ClInclude Include="src\header\Character.h" />
    <ClInclude Include="src\header\Collidable.h" />
    <ClInclude Include="src\header\CollisionBox.h" />
    <ClInclude Include="src\header\CollisionManager.h" />
    <ClInclude Include="src\header\CollisionShape.h" />
    <ClInclude Include="src\header\CollisionType.h" />
    <ClInclude Include="src\header\EAnimation.h" />
    <ClInclude Include="src\header\Entity.h" />
    <ClInclude Include="src\header\EScene.h" />
    <ClInclude Include="src\header\ExpandMenu.h" />
    <ClInclude Include="src\header\Factory.h" />
    <ClInclude Include="src\header\FadeAnimation.h" />
    <ClInclude Include="src\header\FpsCounter.h" />
    <ClInclude Include="src\header\Game.h" />
    <ClInclude Include="src\header\HBox.h" />
    <ClInclude Include="src\header\InputHandler.h" />
    <ClInclude Include="src\header\Line2D.h" />
    <ClInclude Include="src\header\MenuElement.h" />
    <ClInclude Include="src\header\Portrait.h" />
    <ClInclude Include="src\header\SAT.h" />
    <ClInclude Include="src\header\Scene.h" />
    <ClInclude Include="src\header\Slider.h" />
    <ClInclude Include="src\header\TextBox.h" />
    <ClInclude Include="src\header\Tilemap.h" />
    <ClInclude Include="src\header\TranslateAnimation.h" />
    <ClInclude Include="src\header\Util.h" />
    <ClInclude Include="src\header\VBox.h" />
    <ClInclude Include="src\header\WindowStyle.h" />
    <ClInclude Include="src\header\LayerCollidable.h" />
    <ClInclude Include="src\header\Mover.h" />
    <ClInclude Include="src\header\MenuGroup.h" />
    <ClInclude Include="src\header\Log.h" />
    <ClInclude Include="src\header\Logable.h" />
    <ClInclude Include="src\header\ConcreteLogable.h" />
    <ClInclude Include="src\header\TranslateAnimation2.h" />
    <ClInclude Include="src\header\TurnBasedCombat.h" />
    <ClInclude Include="src\header\Easing.h" />
    <ClInclude Include="src\header\Line2F.h" />
  </ItemGroup>
  <ItemGroup>
    <ClCompile Include="src\main.cpp" />
    <ClCompile Include="src\rpg\Character.cpp" />
    <ClCompile Include="src\menu\BattleMenu.cpp" />
    <ClCompile Include="src\menu\BattleOrder.cpp" />
    <ClCompile Include="src\menu\Button.cpp" />
    <ClCompile Include="src\menu\ButtonMenu.cpp" />
    <ClCompile Include="src\menu\HBox.cpp" />
    <ClCompile Include="src\menu\Portrait.cpp" />
    <ClCompile Include="src\menu\Slider.cpp" />
    <ClCompile Include="src\menu\TextBox.cpp" />
    <ClCompile Include="src\menu\VBox.cpp" />
    <ClCompile Include="src\game\Camera.cpp" />
    <ClCompile Include="src\game\Factory.cpp" />
    <ClCompile Include="src\game\FpsCounter.cpp" />
    <ClCompile Include="src\game\Game.cpp" />
    <ClCompile Include="src\game\InputHandler.cpp" />
    <ClCompile Include="src\game\Scene.cpp" />
    <ClCompile Include="src\collision\Collidable.cpp" />
    <ClCompile Include="src\collision\CollisionBox.cpp" />
    <ClCompile Include="src\collision\CollisionManager.cpp" />
    <ClCompile Include="src\collision\CollisionShape.cpp" />
    <ClCompile Include="src\collision\Line2D.cpp" />
    <ClCompile Include="src\collision\Line2F.cpp" />
    <ClCompile Include="src\animation\AnimatedSprite.cpp" />
    <ClCompile Include="src\animation\Animation.cpp" />
    <ClCompile Include="src\animation\FadeAnimation.cpp" />
    <ClCompile Include="src\animation\TranslateAnimation.cpp" />
    <ClCompile Include="src\game\Tilemap.cpp" />
    <ClCompile Include="src\menu\ExpandMenu.cpp" />
    <ClCompile Include="src\collision\LayerCollidable.cpp" />
  </ItemGroup>
  <ItemGroup>
    <Image Include="rsrc\1_magicspell_spritesheet.png" />
  </ItemGroup>
  <ItemGroup>
    <Text Include="tilemaps\sfml_tilemap.txt" />
    <Text Include="TODO.txt" />
  </ItemGroup>
</Project>